
Microsoft Visual Studio Solution File, Format Version 12.00
# Visual Studio 15
VisualStudioVersion = 15.0.27130.2020
MinimumVisualStudioVersion = 10.0.40219.1
Project("{9A19103F-16F7-4668-BE54-9A1E7A4F7556}") = "APE.Exposition.Vente.Api", "APE.Exposition.Vente.Api\APE.Exposition.Vente.Api.csproj", "{578C4867-ABFD-4AF3-9CFA-455E7668DCBA}"
EndProject
Global
	GlobalSection(SolutionConfigurationPlatforms) = preSolution
		Debug|Any CPU = Debug|Any CPU
		Debug|x64 = Debug|x64
		Integration|Any CPU = Integration|Any CPU
		Integration|x64 = Integration|x64
		Production|Any CPU = Production|Any CPU
		Production|x64 = Production|x64
		Recette|Any CPU = Recette|Any CPU
		Recette|x64 = Recette|x64
		Release|Any CPU = Release|Any CPU
		Release|x64 = Release|x64
	EndGlobalSection
	GlobalSection(ProjectConfigurationPlatforms) = postSolution
		{578C4867-ABFD-4AF3-9CFA-455E7668DCBA}.Debug|Any CPU.ActiveCfg = Debug|Any CPU
		{578C4867-ABFD-4AF3-9CFA-455E7668DCBA}.Debug|Any CPU.Build.0 = Debug|Any CPU
		{578C4867-ABFD-4AF3-9CFA-455E7668DCBA}.Debug|x64.ActiveCfg = Debug|Any CPU
		{578C4867-ABFD-4AF3-9CFA-455E7668DCBA}.Debug|x64.Build.0 = Debug|Any CPU
		{578C4867-ABFD-4AF3-9CFA-455E7668DCBA}.Integration|Any CPU.ActiveCfg = Release|Any CPU
		{578C4867-ABFD-4AF3-9CFA-455E7668DCBA}.Integration|Any CPU.Build.0 = Release|Any CPU
		{578C4867-ABFD-4AF3-9CFA-455E7668DCBA}.Integration|x64.ActiveCfg = Integration|x64
		{578C4867-ABFD-4AF3-9CFA-455E7668DCBA}.Integration|x64.Build.0 = Integration|x64
		{578C4867-ABFD-4AF3-9CFA-455E7668DCBA}.Production|Any CPU.ActiveCfg = Release|Any CPU
		{578C4867-ABFD-4AF3-9CFA-455E7668DCBA}.Production|Any CPU.Build.0 = Release|Any CPU
		{578C4867-ABFD-4AF3-9CFA-455E7668DCBA}.Production|x64.ActiveCfg = Release|x64
		{578C4867-ABFD-4AF3-9CFA-455E7668DCBA}.Production|x64.Build.0 = Release|x64
		{578C4867-ABFD-4AF3-9CFA-455E7668DCBA}.Recette|Any CPU.ActiveCfg = Release|Any CPU
		{578C4867-ABFD-4AF3-9CFA-455E7668DCBA}.Recette|Any CPU.Build.0 = Release|Any CPU
		{578C4867-ABFD-4AF3-9CFA-455E7668DCBA}.Recette|x64.ActiveCfg = Release|x64
		{578C4867-ABFD-4AF3-9CFA-455E7668DCBA}.Recette|x64.Build.0 = Release|x64
		{578C4867-ABFD-4AF3-9CFA-455E7668DCBA}.Release|Any CPU.ActiveCfg = Release|Any CPU
		{578C4867-ABFD-4AF3-9CFA-455E7668DCBA}.Release|Any CPU.Build.0 = Release|Any CPU
		{578C4867-ABFD-4AF3-9CFA-455E7668DCBA}.Release|x64.ActiveCfg = Release|x64
		{578C4867-ABFD-4AF3-9CFA-455E7668DCBA}.Release|x64.Build.0 = Release|x64
	EndGlobalSection
	GlobalSection(SolutionProperties) = preSolution
		HideSolutionNode = FALSE
	EndGlobalSection
	GlobalSection(ExtensibilityGlobals) = postSolution
		SolutionGuid = {83A7ACF4-65B3-405D-A1EB-A1A16B3D16F1}
	EndGlobalSection
EndGlobal
